
Microsoft Visual Studio Solution File, Format Version 12.00
# Visual Studio Version 16
VisualStudioVersion = 16.0.31424.327
MinimumVisualStudioVersion = 10.0.40219.1
Project("{9A19103F-16F7-4668-BE54-9A1E7A4F7556}") = "Application", "Application.csproj", "{7DEC745F-259D-4803-ADAB-7CB285509675}"
EndProject
Global
	GlobalSection(SolutionConfigurationPlatforms) = preSolution
		Debug|Any CPU = Debug|Any CPU
		Release|Any CPU = Release|Any CPU
	EndGlobalSection
	GlobalSection(ProjectConfigurationPlatforms) = postSolution
		{7DEC745F-259D-4803-ADAB-7CB285509675}.Debug|Any CPU.ActiveCfg = Debug|Any CPU
		{7DEC745F-259D-4803-ADAB-7CB285509675}.Debug|Any CPU.Build.0 = Debug|Any CPU
		{7DEC745F-259D-4803-ADAB-7CB285509675}.Release|Any CPU.ActiveCfg = Release|Any CPU
		{7DEC745F-259D-4803-ADAB-7CB285509675}.Release|Any CPU.Build.0 = Release|Any CPU
	EndGlobalSection
	GlobalSection(SolutionProperties) = preSolution
		HideSolutionNode = FALSE
	EndGlobalSection
	GlobalSection(ExtensibilityGlobals) = postSolution
		SolutionGuid = {AA2A3C06-2163-4C29-815A-6401407664D1}
	EndGlobalSection
EndGlobal
